{
  "version": 4,
  "terraform_version": "1.11.4",
  "serial": 43,
  "lineage": "72ae529f-32c2-f5c5-a004-b8a49b9c0bd0",
  "outputs": {},
  "resources": [
    {
      "mode": "managed",
      "type": "random_string",
      "name": "unique_name",
      "provider": "provider[\"registry.terraform.io/hashicorp/random\"]",
      "instances": [
        {
          "schema_version": 2,
          "attributes": {
            "id": "dgv",
            "keepers": null,
            "length": 3,
            "lower": true,
            "min_lower": 0,
            "min_numeric": 0,
            "min_special": 0,
            "min_upper": 0,
            "number": false,
            "numeric": false,
            "override_special": null,
            "result": "dgv",
            "special": false,
            "upper": false
          },
          "sensitive_attributes": []
        }
      ]
    },
    {
      "module": "module.log_analytics_workspace",
      "mode": "managed",
      "type": "azurerm_log_analytics_workspace",
      "name": "this",
      "provider": "provider[\"registry.terraform.io/hashicorp/azurerm\"]",
      "instances": [
        {
          "schema_version": 3,
          "attributes": {
            "allow_resource_only_permissions": true,
            "cmk_for_query_forced": false,
            "daily_quota_gb": -1,
            "data_collection_rule_id": "",
            "id": "/subscriptions/3b1b9773-e995-4f5e-b43c-e0102635ffd7/resourceGroups/rg-fw-dev-southcentralus-001/providers/Microsoft.OperationalInsights/workspaces/law-fw-dev-southcentralus-001",
            "identity": [],
            "immediate_data_purge_on_30_days_enabled": false,
            "internet_ingestion_enabled": false,
            "internet_query_enabled": false,
            "local_authentication_disabled": false,
            "local_authentication_enabled": true,
            "location": "southcentralus",
            "name": "law-fw-dev-southcentralus-001",
            "primary_shared_key": "Fv8y67D0GEf3nu+gnhr/a0Mb0bk1vqHbe6etdPKOzO88ZpfFjcnairmtC/t7rw6Vrr5SJv9iFdOr++CQaDQH7g==",
            "reservation_capacity_in_gb_per_day": null,
            "resource_group_name": "rg-fw-dev-southcentralus-001",
            "retention_in_days": 30,
            "secondary_shared_key": "8rFChJJaMYzZu+xRL3WXeWh72c+Dn2dCWp+SZxBZT+ckHBfKdS5VEYNNhgYMeuuMFDuSKAqDjUC/O3B5Pvg42Q==",
            "sku": "PerGB2018",
            "tags": {
              "CostCenter": "IT-Security (This is an interesting tag)",
              "Environment": "Sandbox",
              "ManagedBy": "Terraform",
              "Owner": "NetworkTeam",
              "Purpose": "AzureFirewall"
            },
            "timeouts": null,
            "workspace_id": "6abefc6e-a348-478f-92e4-81ec15bbe833"
          },
          "sensitive_attributes": [
            [
              {
                "type": "get_attr",
                "value": "primary_shared_key"
              }
            ],
            [
              {
                "type": "get_attr",
                "value": "secondary_shared_key"
              }
            ]
          ],
          "private": "eyJlMmJmYjczMC1lY2FhLTExZTYtOGY4OC0zNDM2M2JjN2M0YzAiOnsiY3JlYXRlIjoxODAwMDAwMDAwMDAwLCJkZWxldGUiOjE4MDAwMDAwMDAwMDAsInJlYWQiOjMwMDAwMDAwMDAwMCwidXBkYXRlIjoxODAwMDAwMDAwMDAwfSwic2NoZW1hX3ZlcnNpb24iOiIzIn0=",
          "dependencies": [
            "module.regions.data.azapi_client_config.current",
            "module.regions.data.azapi_resource_action.locations",
            "module.resource_group.azurerm_resource_group.this",
            "random_string.unique_name"
          ]
        }
      ]
    },
    {
      "module": "module.nat_gateway",
      "mode": "managed",
      "type": "azapi_resource",
      "name": "public_ip",
      "provider": "provider[\"registry.terraform.io/azure/azapi\"]",
      "instances": [
        {
          "index_key": "pip_1",
          "schema_version": 2,
          "attributes": {
            "body": {
              "value": {
                "properties": {
                  "ddosSettings": {
                    "ddosProtectionPlan": null,
                    "protectionMode": "VirtualNetworkInherited"
                  },
                  "dnsSettings": null,
                  "idleTimeoutInMinutes": 30,
                  "publicIPAddressVersion": "IPv4",
                  "publicIPAllocationMethod": "Static"
                },
                "sku": {
                  "name": "StandardV2",
                  "tier": "Regional"
                },
                "zones": [
                  "1",
                  "2",
                  "3"
                ]
              },
              "type": [
                "object",
                {
                  "properties": [
                    "object",
                    {
                      "ddosSettings": [
                        "object",
                        {
                          "ddosProtectionPlan": "dynamic",
                          "protectionMode": "string"
                        }
                      ],
                      "dnsSettings": [
                        "object",
                        {
                          "domainNameLabel": "dynamic"
                        }
                      ],
                      "idleTimeoutInMinutes": "number",
                      "publicIPAddressVersion": "string",
                      "publicIPAllocationMethod": "string"
                    }
                  ],
                  "sku": [
                    "object",
                    {
                      "name": "string",
                      "tier": "string"
                    }
                  ],
                  "zones": [
                    "tuple",
                    [
                      "string",
                      "string",
                      "string"
                    ]
                  ]
                }
              ]
            },
            "create_headers": null,
            "create_query_parameters": null,
            "delete_headers": null,
            "delete_query_parameters": null,
            "id": "/subscriptions/3b1b9773-e995-4f5e-b43c-e0102635ffd7/resourceGroups/rg-fw-dev-southcentralus-001/providers/Microsoft.Network/publicIPAddresses/pip-nat-fw-dev-southcentralus-001",
            "identity": [],
            "ignore_casing": false,
            "ignore_missing_property": true,
            "ignore_null_property": false,
            "ignore_other_items_in_list": null,
            "list_unique_id_property": null,
            "location": "southcentralus",
            "locks": null,
            "name": "pip-nat-fw-dev-southcentralus-001",
            "output": {
              "value": {
                "id": "/subscriptions/3b1b9773-e995-4f5e-b43c-e0102635ffd7/resourceGroups/rg-fw-dev-southcentralus-001/providers/Microsoft.Network/publicIPAddresses/pip-nat-fw-dev-southcentralus-001",
                "properties": {
                  "provisioningState": "Succeeded",
                  "resourceGuid": "b21be94d-6e87-40f1-860f-7c2995868794"
                },
                "tags": {
                  "CostCenter": "IT-Security (This is an interesting tag)",
                  "Environment": "Sandbox",
                  "ManagedBy": "Terraform",
                  "Owner": "NetworkTeam",
                  "Purpose": "AzureFirewall"
                },
                "type": "Microsoft.Network/publicIPAddresses",
                "zones": [
                  "1",
                  "2",
                  "3"
                ]
              },
              "type": [
                "object",
                {
                  "id": "string",
                  "properties": [
                    "object",
                    {
                      "provisioningState": "string",
                      "resourceGuid": "string"
                    }
                  ],
                  "tags": [
                    "object",
                    {
                      "CostCenter": "string",
                      "Environment": "string",
                      "ManagedBy": "string",
                      "Owner": "string",
                      "Purpose": "string"
                    }
                  ],
                  "type": "string",
                  "zones": [
                    "tuple",
                    [
                      "string",
                      "string",
                      "string"
                    ]
                  ]
                }
              ]
            },
            "parent_id": "/subscriptions/3b1b9773-e995-4f5e-b43c-e0102635ffd7/resourceGroups/rg-fw-dev-southcentralus-001",
            "read_headers": null,
            "read_query_parameters": null,
            "replace_triggers_external_values": null,
            "replace_triggers_refs": null,
            "response_export_values": null,
            "retry": null,
            "schema_validation_enabled": true,
            "sensitive_body": null,
            "sensitive_body_version": null,
            "tags": {
              "CostCenter": "IT-Security (This is an interesting tag)",
              "Environment": "Sandbox",
              "ManagedBy": "Terraform",
              "Owner": "NetworkTeam",
              "Purpose": "AzureFirewall"
            },
            "timeouts": null,
            "type": "Microsoft.Network/publicIPAddresses@2025-03-01",
            "update_headers": null,
            "update_query_parameters": null
          },
          "sensitive_attributes": [],
          "private": "eyJzZW5zaXRpdmVfYm9keSI6ImV5Sm9ZWE5vSWpvaVpFTk9UMjFMTDI1VFdTc3hNblpJZW1GelRGaHBjM2Q2YkVkVU5WVklRVGRxUVVkWmEzWnRRM1ZSY3owaWZRPT0ifQ==",
          "dependencies": [
            "module.nat_gateway.data.modtm_module_source.telemetry",
            "module.nat_gateway.random_uuid.telemetry",
            "module.regions.data.azapi_client_config.current",
            "module.regions.data.azapi_resource_action.locations",
            "module.resource_group.azurerm_resource_group.this",
            "random_string.unique_name"
          ]
        }
      ]
    },
    {
      "module": "module.nat_gateway",
      "mode": "managed",
      "type": "azapi_resource",
      "name": "this",
      "provider": "provider[\"registry.terraform.io/azure/azapi\"]",
      "instances": [
        {
          "schema_version": 2,
          "attributes": {
            "body": {
              "value": {
                "properties": {
                  "idleTimeoutInMinutes": 4,
                  "publicIpAddresses": [
                    {
                      "id": "/subscriptions/3b1b9773-e995-4f5e-b43c-e0102635ffd7/resourceGroups/rg-fw-dev-southcentralus-001/providers/Microsoft.Network/publicIPAddresses/pip-nat-fw-dev-southcentralus-001"
                    }
                  ],
                  "publicIpAddressesV6": [],
                  "publicIpPrefixes": [],
                  "publicIpPrefixesV6": []
                },
                "sku": {
                  "name": "StandardV2"
                },
                "zones": [
                  "1",
                  "2",
                  "3"
                ]
              },
              "type": [
                "object",
                {
                  "properties": [
                    "object",
                    {
                      "idleTimeoutInMinutes": "number",
                      "publicIpAddresses": [
                        "tuple",
                        [
                          [
                            "object",
                            {
                              "id": "string"
                            }
                          ]
                        ]
                      ],
                      "publicIpAddressesV6": [
                        "tuple",
                        []
                      ],
                      "publicIpPrefixes": [
                        "tuple",
                        []
                      ],
                      "publicIpPrefixesV6": [
                        "tuple",
                        []
                      ]
                    }
                  ],
                  "sku": [
                    "object",
                    {
                      "name": "string"
                    }
                  ],
                  "zones": [
                    "set",
                    "string"
                  ]
                }
              ]
            },
            "create_headers": null,
            "create_query_parameters": null,
            "delete_headers": null,
            "delete_query_parameters": null,
            "id": "/subscriptions/3b1b9773-e995-4f5e-b43c-e0102635ffd7/resourceGroups/rg-fw-dev-southcentralus-001/providers/Microsoft.Network/natGateways/nat-fw-dev-southcentralus-001",
            "identity": [],
            "ignore_casing": false,
            "ignore_missing_property": true,
            "ignore_null_property": false,
            "ignore_other_items_in_list": null,
            "list_unique_id_property": null,
            "location": "southcentralus",
            "locks": null,
            "name": "nat-fw-dev-southcentralus-001",
            "output": {
              "value": {
                "id": "/subscriptions/3b1b9773-e995-4f5e-b43c-e0102635ffd7/resourceGroups/rg-fw-dev-southcentralus-001/providers/Microsoft.Network/natGateways/nat-fw-dev-southcentralus-001",
                "properties": {
                  "provisioningState": "Succeeded",
                  "publicIpAddresses": [
                    {}
                  ],
                  "resourceGuid": "6fcd3842-8627-4411-95bf-e08b95077892"
                },
                "tags": {
                  "CostCenter": "IT-Security (This is an interesting tag)",
                  "Environment": "Sandbox",
                  "ManagedBy": "Terraform",
                  "Owner": "NetworkTeam",
                  "Purpose": "AzureFirewall"
                },
                "type": "Microsoft.Network/natGateways",
                "zones": [
                  "1",
                  "2",
                  "3"
                ]
              },
              "type": [
                "object",
                {
                  "id": "string",
                  "properties": [
                    "object",
                    {
                      "provisioningState": "string",
                      "publicIpAddresses": [
                        "tuple",
                        [
                          [
                            "object",
                            {}
                          ]
                        ]
                      ],
                      "resourceGuid": "string"
                    }
                  ],
                  "tags": [
                    "object",
                    {
                      "CostCenter": "string",
                      "Environment": "string",
                      "ManagedBy": "string",
                      "Owner": "string",
                      "Purpose": "string"
                    }
                  ],
                  "type": "string",
                  "zones": [
                    "tuple",
                    [
                      "string",
                      "string",
                      "string"
                    ]
                  ]
                }
              ]
            },
            "parent_id": "/subscriptions/3b1b9773-e995-4f5e-b43c-e0102635ffd7/resourceGroups/rg-fw-dev-southcentralus-001",
            "read_headers": null,
            "read_query_parameters": null,
            "replace_triggers_external_values": null,
            "replace_triggers_refs": null,
            "response_export_values": null,
            "retry": null,
            "schema_validation_enabled": true,
            "sensitive_body": null,
            "sensitive_body_version": null,
            "tags": {
              "CostCenter": "IT-Security (This is an interesting tag)",
              "Environment": "Sandbox",
              "ManagedBy": "Terraform",
              "Owner": "NetworkTeam",
              "Purpose": "AzureFirewall"
            },
            "timeouts": null,
            "type": "Microsoft.Network/natGateways@2025-03-01",
            "update_headers": null,
            "update_query_parameters": null
          },
          "sensitive_attributes": [],
          "private": "eyJzZW5zaXRpdmVfYm9keSI6ImV5Sm9ZWE5vSWpvaVpFTk9UMjFMTDI1VFdTc3hNblpJZW1GelRGaHBjM2Q2YkVkVU5WVklRVGRxUVVkWmEzWnRRM1ZSY3owaWZRPT0ifQ==",
          "dependencies": [
            "module.nat_gateway.azapi_resource.public_ip",
            "module.nat_gateway.data.modtm_module_source.telemetry",
            "module.nat_gateway.random_uuid.telemetry",
            "module.regions.data.azapi_client_config.current",
            "module.regions.data.azapi_resource_action.locations",
            "module.resource_group.azurerm_resource_group.this",
            "random_string.unique_name"
          ]
        }
      ]
    },
    {
      "module": "module.regions",
      "mode": "data",
      "type": "azapi_client_config",
      "name": "current",
      "provider": "provider[\"registry.terraform.io/azure/azapi\"]",
      "instances": [
        {
          "schema_version": 0,
          "attributes": {
            "id": "clientConfigs/subscriptionId=3b1b9773-e995-4f5e-b43c-e0102635ffd7;tenantId=36455724-bf27-40b1-80b1-b1434a7dfe8b",
            "object_id": "6a9cc7d4-9959-4923-b80a-662ff3860616",
            "subscription_id": "3b1b9773-e995-4f5e-b43c-e0102635ffd7",
            "subscription_resource_id": "/subscriptions/3b1b9773-e995-4f5e-b43c-e0102635ffd7",
            "tenant_id": "36455724-bf27-40b1-80b1-b1434a7dfe8b",
            "timeouts": null
          },
          "sensitive_attributes": []
        }
      ]
    },
    {
      "module": "module.resource_group",
      "mode": "data",
      "type": "azurerm_subscription",
      "name": "current",
      "provider": "provider[\"registry.terraform.io/hashicorp/azurerm\"]",
      "instances": [
        {
          "schema_version": 0,
          "attributes": {
            "display_name": "it-ece-hub",
            "id": "/subscriptions/3b1b9773-e995-4f5e-b43c-e0102635ffd7",
            "location_placement_id": "Public_2014-09-01",
            "quota_id": "EnterpriseAgreement_2014-09-01",
            "spending_limit": "Off",
            "state": "Enabled",
            "subscription_id": "3b1b9773-e995-4f5e-b43c-e0102635ffd7",
            "tags": {},
            "tenant_id": "36455724-bf27-40b1-80b1-b1434a7dfe8b",
            "timeouts": null
          },
          "sensitive_attributes": []
        }
      ]
    },
    {
      "module": "module.resource_group",
      "mode": "managed",
      "type": "azurerm_resource_group",
      "name": "this",
      "provider": "provider[\"registry.terraform.io/hashicorp/azurerm\"]",
      "instances": [
        {
          "schema_version": 0,
          "attributes": {
            "id": "/subscriptions/3b1b9773-e995-4f5e-b43c-e0102635ffd7/resourceGroups/rg-fw-dev-southcentralus-001",
            "location": "southcentralus",
            "managed_by": "",
            "name": "rg-fw-dev-southcentralus-001",
            "tags": {
              "CostCenter": "IT-Security (This is an interesting tag)",
              "Environment": "Sandbox",
              "ManagedBy": "Terraform",
              "Owner": "NetworkTeam",
              "Purpose": "AzureFirewall"
            },
            "timeouts": null
          },
          "sensitive_attributes": [],
          "private": "eyJlMmJmYjczMC1lY2FhLTExZTYtOGY4OC0zNDM2M2JjN2M0YzAiOnsiY3JlYXRlIjo1NDAwMDAwMDAwMDAwLCJkZWxldGUiOjU0MDAwMDAwMDAwMDAsInJlYWQiOjMwMDAwMDAwMDAwMCwidXBkYXRlIjo1NDAwMDAwMDAwMDAwfX0=",
          "dependencies": [
            "module.regions.data.azapi_client_config.current",
            "module.regions.data.azapi_resource_action.locations",
            "random_string.unique_name"
          ]
        }
      ]
    },
    {
      "module": "module.spoke_spoke1",
      "mode": "managed",
      "type": "azurerm_route",
      "name": "spoke_to_hub",
      "provider": "module.spoke_spoke1.provider[\"registry.terraform.io/hashicorp/azurerm\"].spoke",
      "instances": [
        {
          "schema_version": 0,
          "attributes": {
            "address_prefix": "0.0.0.0/0",
            "id": "/subscriptions/183c2e21-04c7-46f2-a7dd-a62332e957fa/resourceGroups/spoke1-rg-vnet/providers/Microsoft.Network/routeTables/spoke-to-hub/routes/route-to-hub-firewall",
            "name": "route-to-hub-firewall",
            "next_hop_in_ip_address": "123.123.123.123",
            "next_hop_type": "VirtualAppliance",
            "resource_group_name": "spoke1-rg-vnet",
            "route_table_name": "spoke-to-hub",
            "timeouts": null
          },
          "sensitive_attributes": [],
          "private": "eyJlMmJmYjczMC1lY2FhLTExZTYtOGY4OC0zNDM2M2JjN2M0YzAiOnsiY3JlYXRlIjoxODAwMDAwMDAwMDAwLCJkZWxldGUiOjE4MDAwMDAwMDAwMDAsInJlYWQiOjMwMDAwMDAwMDAwMCwidXBkYXRlIjoxODAwMDAwMDAwMDAwfX0=",
          "dependencies": [
            "module.spoke_spoke1.azurerm_route_table.spoke_to_hub"
          ]
        }
      ]
    },
    {
      "module": "module.spoke_spoke1",
      "mode": "managed",
      "type": "azurerm_route_table",
      "name": "spoke_to_hub",
      "provider": "module.spoke_spoke1.provider[\"registry.terraform.io/hashicorp/azurerm\"].spoke",
      "instances": [
        {
          "schema_version": 0,
          "attributes": {
            "bgp_route_propagation_enabled": false,
            "id": "/subscriptions/183c2e21-04c7-46f2-a7dd-a62332e957fa/resourceGroups/spoke1-rg-vnet/providers/Microsoft.Network/routeTables/spoke-to-hub",
            "location": "southcentralus",
            "name": "spoke-to-hub",
            "resource_group_name": "spoke1-rg-vnet",
            "route": [
              {
                "address_prefix": "0.0.0.0/0",
                "name": "route-to-hub-firewall",
                "next_hop_in_ip_address": "123.123.123.123",
                "next_hop_type": "VirtualAppliance"
              }
            ],
            "subnets": [
              "/subscriptions/183c2e21-04c7-46f2-a7dd-a62332e957fa/resourceGroups/spoke1-rg-vnet/providers/Microsoft.Network/virtualNetworks/spoke1-vnet/subnets/snet-workload"
            ],
            "tags": {
              "CostCenter": "IT-Security (This is an interesting tag)",
              "Environment": "Sandbox",
              "ManagedBy": "Terraform",
              "Owner": "NetworkTeam",
              "Purpose": "AzureFirewall"
            },
            "timeouts": null
          },
          "sensitive_attributes": [],
          "private": "eyJlMmJmYjczMC1lY2FhLTExZTYtOGY4OC0zNDM2M2JjN2M0YzAiOnsiY3JlYXRlIjoxODAwMDAwMDAwMDAwLCJkZWxldGUiOjE4MDAwMDAwMDAwMDAsInJlYWQiOjMwMDAwMDAwMDAwMCwidXBkYXRlIjoxODAwMDAwMDAwMDAwfX0="
        }
      ]
    },
    {
      "module": "module.spoke_spoke1",
      "mode": "managed",
      "type": "azurerm_subnet_route_table_association",
      "name": "spoke_to_hub",
      "provider": "module.spoke_spoke1.provider[\"registry.terraform.io/hashicorp/azurerm\"].spoke",
      "instances": [
        {
          "schema_version": 0,
          "attributes": {
            "id": "/subscriptions/183c2e21-04c7-46f2-a7dd-a62332e957fa/resourceGroups/spoke1-rg-vnet/providers/Microsoft.Network/virtualNetworks/spoke1-vnet/subnets/snet-workload",
            "route_table_id": "/subscriptions/183c2e21-04c7-46f2-a7dd-a62332e957fa/resourceGroups/spoke1-rg-vnet/providers/Microsoft.Network/routeTables/spoke-to-hub",
            "subnet_id": "/subscriptions/183c2e21-04c7-46f2-a7dd-a62332e957fa/resourceGroups/spoke1-rg-vnet/providers/Microsoft.Network/virtualNetworks/spoke1-vnet/subnets/snet-workload",
            "timeouts": null
          },
          "sensitive_attributes": [],
          "private": "eyJlMmJmYjczMC1lY2FhLTExZTYtOGY4OC0zNDM2M2JjN2M0YzAiOnsiY3JlYXRlIjoxODAwMDAwMDAwMDAwLCJkZWxldGUiOjE4MDAwMDAwMDAwMDAsInJlYWQiOjMwMDAwMDAwMDAwMH19",
          "dependencies": [
            "module.spoke_spoke1.azurerm_route_table.spoke_to_hub"
          ]
        }
      ]
    },
    {
      "module": "module.spoke_spoke1.module.avm_spoke_to_hub_peering",
      "mode": "managed",
      "type": "azapi_resource",
      "name": "reverse",
      "provider": "provider[\"registry.terraform.io/azure/azapi\"]",
      "instances": [
        {
          "index_key": 0,
          "schema_version": 2,
          "attributes": {
            "body": {
              "value": {
                "properties": {
                  "allowForwardedTraffic": true,
                  "allowGatewayTransit": true,
                  "allowVirtualNetworkAccess": true,
                  "doNotVerifyRemoteGateways": false,
                  "enableOnlyIPv6Peering": false,
                  "peerCompleteVnets": true,
                  "remoteVirtualNetwork": {
                    "id": "/subscriptions/183c2e21-04c7-46f2-a7dd-a62332e957fa/resourceGroups/spoke1-rg-vnet/providers/Microsoft.Network/virtualNetworks/spoke1-vnet"
                  },
                  "useRemoteGateways": false
                }
              },
              "type": [
                "object",
                {
                  "properties": [
                    "object",
                    {
                      "allowForwardedTraffic": "bool",
                      "allowGatewayTransit": "bool",
                      "allowVirtualNetworkAccess": "bool",
                      "doNotVerifyRemoteGateways": "bool",
                      "enableOnlyIPv6Peering": "bool",
                      "peerCompleteVnets": "bool",
                      "remoteVirtualNetwork": [
                        "object",
                        {
                          "id": "string"
                        }
                      ],
                      "useRemoteGateways": "bool"
                    }
                  ]
                }
              ]
            },
            "create_headers": null,
            "create_query_parameters": null,
            "delete_headers": null,
            "delete_query_parameters": null,
            "id": "/subscriptions/3b1b9773-e995-4f5e-b43c-e0102635ffd7/resourceGroups/rg-fw-dev-southcentralus-001/providers/Microsoft.Network/virtualNetworks/vnet-fw-dev-southcentralus-001/virtualNetworkPeerings/peer-hub-to-spoke1",
            "identity": [],
            "ignore_casing": false,
            "ignore_missing_property": true,
            "ignore_null_property": false,
            "ignore_other_items_in_list": null,
            "list_unique_id_property": null,
            "location": null,
            "locks": [
              "/subscriptions/3b1b9773-e995-4f5e-b43c-e0102635ffd7/resourceGroups/rg-fw-dev-southcentralus-001/providers/Microsoft.Network/virtualNetworks/vnet-fw-dev-southcentralus-001"
            ],
            "name": "peer-hub-to-spoke1",
            "output": {
              "value": {},
              "type": [
                "object",
                {}
              ]
            },
            "parent_id": "/subscriptions/3b1b9773-e995-4f5e-b43c-e0102635ffd7/resourceGroups/rg-fw-dev-southcentralus-001/providers/Microsoft.Network/virtualNetworks/vnet-fw-dev-southcentralus-001",
            "read_headers": null,
            "read_query_parameters": null,
            "replace_triggers_external_values": null,
            "replace_triggers_refs": null,
            "response_export_values": {
              "value": [],
              "type": [
                "tuple",
                []
              ]
            },
            "retry": {
              "error_message_regex": [
                "ReferencedResourceNotProvisioned"
              ],
              "interval_seconds": 10,
              "max_interval_seconds": 180,
              "multiplier": 1.5,
              "randomization_factor": 0.5
            },
            "schema_validation_enabled": true,
            "sensitive_body": null,
            "sensitive_body_version": null,
            "tags": null,
            "timeouts": {
              "create": "30m",
              "delete": "30m",
              "read": "5m",
              "update": "30m"
            },
            "type": "Microsoft.Network/virtualNetworks/virtualNetworkPeerings@2024-07-01",
            "update_headers": null,
            "update_query_parameters": null
          },
          "sensitive_attributes": [],
          "private": "eyJzZW5zaXRpdmVfYm9keSI6ImV5Sm9ZWE5vSWpvaVpFTk9UMjFMTDI1VFdTc3hNblpJZW1GelRGaHBjM2Q2YkVkVU5WVklRVGRxUVVkWmEzWnRRM1ZSY3owaWZRPT0ifQ==",
          "dependencies": [
            "module.regions.data.azapi_client_config.current",
            "module.regions.data.azapi_resource_action.locations",
            "module.resource_group.azurerm_resource_group.this",
            "module.spoke_spoke1.module.avm_spoke_to_hub_peering.azapi_resource.this",
            "module.virtual_network.azapi_resource.vnet",
            "module.virtual_network.data.modtm_module_source.telemetry",
            "module.virtual_network.random_uuid.telemetry",
            "random_string.unique_name"
          ]
        }
      ]
    },
    {
      "module": "module.spoke_spoke1.module.avm_spoke_to_hub_peering",
      "mode": "managed",
      "type": "azapi_resource",
      "name": "this",
      "provider": "provider[\"registry.terraform.io/azure/azapi\"]",
      "instances": [
        {
          "index_key": 0,
          "schema_version": 2,
          "attributes": {
            "body": {
              "value": {
                "properties": {
                  "allowForwardedTraffic": true,
                  "allowGatewayTransit": false,
                  "allowVirtualNetworkAccess": true,
                  "doNotVerifyRemoteGateways": false,
                  "enableOnlyIPv6Peering": false,
                  "peerCompleteVnets": true,
                  "remoteVirtualNetwork": {
                    "id": "/subscriptions/3b1b9773-e995-4f5e-b43c-e0102635ffd7/resourceGroups/rg-fw-dev-southcentralus-001/providers/Microsoft.Network/virtualNetworks/vnet-fw-dev-southcentralus-001"
                  },
                  "useRemoteGateways": false
                }
              },
              "type": [
                "object",
                {
                  "properties": [
                    "object",
                    {
                      "allowForwardedTraffic": "bool",
                      "allowGatewayTransit": "bool",
                      "allowVirtualNetworkAccess": "bool",
                      "doNotVerifyRemoteGateways": "bool",
                      "enableOnlyIPv6Peering": "bool",
                      "peerCompleteVnets": "bool",
                      "remoteVirtualNetwork": [
                        "object",
                        {
                          "id": "string"
                        }
                      ],
                      "useRemoteGateways": "bool"
                    }
                  ]
                }
              ]
            },
            "create_headers": null,
            "create_query_parameters": null,
            "delete_headers": null,
            "delete_query_parameters": null,
            "id": "/subscriptions/183c2e21-04c7-46f2-a7dd-a62332e957fa/resourceGroups/spoke1-rg-vnet/providers/Microsoft.Network/virtualNetworks/spoke1-vnet/virtualNetworkPeerings/peer-spoke-to-hub",
            "identity": [],
            "ignore_casing": false,
            "ignore_missing_property": true,
            "ignore_null_property": false,
            "ignore_other_items_in_list": null,
            "list_unique_id_property": null,
            "location": null,
            "locks": [
              "/subscriptions/183c2e21-04c7-46f2-a7dd-a62332e957fa/resourceGroups/spoke1-rg-vnet/providers/Microsoft.Network/virtualNetworks/spoke1-vnet"
            ],
            "name": "peer-spoke-to-hub",
            "output": {
              "value": {},
              "type": [
                "object",
                {}
              ]
            },
            "parent_id": "/subscriptions/183c2e21-04c7-46f2-a7dd-a62332e957fa/resourceGroups/spoke1-rg-vnet/providers/Microsoft.Network/virtualNetworks/spoke1-vnet",
            "read_headers": null,
            "read_query_parameters": null,
            "replace_triggers_external_values": null,
            "replace_triggers_refs": null,
            "response_export_values": {
              "value": [],
              "type": [
                "tuple",
                []
              ]
            },
            "retry": {
              "error_message_regex": [
                "ReferencedResourceNotProvisioned"
              ],
              "interval_seconds": 10,
              "max_interval_seconds": 180,
              "multiplier": 1.5,
              "randomization_factor": 0.5
            },
            "schema_validation_enabled": true,
            "sensitive_body": null,
            "sensitive_body_version": null,
            "tags": null,
            "timeouts": {
              "create": "30m",
              "delete": "30m",
              "read": "5m",
              "update": "30m"
            },
            "type": "Microsoft.Network/virtualNetworks/virtualNetworkPeerings@2024-07-01",
            "update_headers": null,
            "update_query_parameters": null
          },
          "sensitive_attributes": [],
          "private": "eyJzZW5zaXRpdmVfYm9keSI6ImV5Sm9ZWE5vSWpvaVpFTk9UMjFMTDI1VFdTc3hNblpJZW1GelRGaHBjM2Q2YkVkVU5WVklRVGRxUVVkWmEzWnRRM1ZSY3owaWZRPT0ifQ==",
          "dependencies": [
            "module.regions.data.azapi_client_config.current",
            "module.regions.data.azapi_resource_action.locations",
            "module.resource_group.azurerm_resource_group.this",
            "module.virtual_network.azapi_resource.vnet",
            "module.virtual_network.data.modtm_module_source.telemetry",
            "module.virtual_network.random_uuid.telemetry",
            "random_string.unique_name"
          ]
        }
      ]
    },
    {
      "module": "module.spoke_spoke2",
      "mode": "managed",
      "type": "azurerm_route",
      "name": "spoke_to_hub",
      "provider": "module.spoke_spoke2.provider[\"registry.terraform.io/hashicorp/azurerm\"].spoke",
      "instances": [
        {
          "schema_version": 0,
          "attributes": {
            "address_prefix": "0.0.0.0/0",
            "id": "/subscriptions/19d9f48a-d2a3-4351-a256-9d7ed76f557e/resourceGroups/spoke2-rg-vnet/providers/Microsoft.Network/routeTables/spoke-to-hub/routes/route-to-hub-firewall",
            "name": "route-to-hub-firewall",
            "next_hop_in_ip_address": "123.123.123.123",
            "next_hop_type": "VirtualAppliance",
            "resource_group_name": "spoke2-rg-vnet",
            "route_table_name": "spoke-to-hub",
            "timeouts": null
          },
          "sensitive_attributes": [],
          "private": "eyJlMmJmYjczMC1lY2FhLTExZTYtOGY4OC0zNDM2M2JjN2M0YzAiOnsiY3JlYXRlIjoxODAwMDAwMDAwMDAwLCJkZWxldGUiOjE4MDAwMDAwMDAwMDAsInJlYWQiOjMwMDAwMDAwMDAwMCwidXBkYXRlIjoxODAwMDAwMDAwMDAwfX0=",
          "dependencies": [
            "module.spoke_spoke2.azurerm_route_table.spoke_to_hub"
          ]
        }
      ]
    },
    {
      "module": "module.spoke_spoke2",
      "mode": "managed",
      "type": "azurerm_route_table",
      "name": "spoke_to_hub",
      "provider": "module.spoke_spoke2.provider[\"registry.terraform.io/hashicorp/azurerm\"].spoke",
      "instances": [
        {
          "schema_version": 0,
          "attributes": {
            "bgp_route_propagation_enabled": false,
            "id": "/subscriptions/19d9f48a-d2a3-4351-a256-9d7ed76f557e/resourceGroups/spoke2-rg-vnet/providers/Microsoft.Network/routeTables/spoke-to-hub",
            "location": "southcentralus",
            "name": "spoke-to-hub",
            "resource_group_name": "spoke2-rg-vnet",
            "route": [
              {
                "address_prefix": "0.0.0.0/0",
                "name": "route-to-hub-firewall",
                "next_hop_in_ip_address": "123.123.123.123",
                "next_hop_type": "VirtualAppliance"
              }
            ],
            "subnets": [
              "/subscriptions/19d9f48a-d2a3-4351-a256-9d7ed76f557e/resourceGroups/spoke2-rg-vnet/providers/Microsoft.Network/virtualNetworks/spoke2-vnet/subnets/snet-workload"
            ],
            "tags": {
              "CostCenter": "IT-Security (This is an interesting tag)",
              "Environment": "Sandbox",
              "ManagedBy": "Terraform",
              "Owner": "NetworkTeam",
              "Purpose": "AzureFirewall"
            },
            "timeouts": null
          },
          "sensitive_attributes": [],
          "private": "eyJlMmJmYjczMC1lY2FhLTExZTYtOGY4OC0zNDM2M2JjN2M0YzAiOnsiY3JlYXRlIjoxODAwMDAwMDAwMDAwLCJkZWxldGUiOjE4MDAwMDAwMDAwMDAsInJlYWQiOjMwMDAwMDAwMDAwMCwidXBkYXRlIjoxODAwMDAwMDAwMDAwfX0="
        }
      ]
    },
    {
      "module": "module.spoke_spoke2",
      "mode": "managed",
      "type": "azurerm_subnet_route_table_association",
      "name": "spoke_to_hub",
      "provider": "module.spoke_spoke2.provider[\"registry.terraform.io/hashicorp/azurerm\"].spoke",
      "instances": [
        {
          "schema_version": 0,
          "attributes": {
            "id": "/subscriptions/19d9f48a-d2a3-4351-a256-9d7ed76f557e/resourceGroups/spoke2-rg-vnet/providers/Microsoft.Network/virtualNetworks/spoke2-vnet/subnets/snet-workload",
            "route_table_id": "/subscriptions/19d9f48a-d2a3-4351-a256-9d7ed76f557e/resourceGroups/spoke2-rg-vnet/providers/Microsoft.Network/routeTables/spoke-to-hub",
            "subnet_id": "/subscriptions/19d9f48a-d2a3-4351-a256-9d7ed76f557e/resourceGroups/spoke2-rg-vnet/providers/Microsoft.Network/virtualNetworks/spoke2-vnet/subnets/snet-workload",
            "timeouts": null
          },
          "sensitive_attributes": [],
          "private": "eyJlMmJmYjczMC1lY2FhLTExZTYtOGY4OC0zNDM2M2JjN2M0YzAiOnsiY3JlYXRlIjoxODAwMDAwMDAwMDAwLCJkZWxldGUiOjE4MDAwMDAwMDAwMDAsInJlYWQiOjMwMDAwMDAwMDAwMH19",
          "dependencies": [
            "module.spoke_spoke2.azurerm_route_table.spoke_to_hub"
          ]
        }
      ]
    },
    {
      "module": "module.spoke_spoke2.module.avm_spoke_to_hub_peering",
      "mode": "managed",
      "type": "azapi_resource",
      "name": "reverse",
      "provider": "provider[\"registry.terraform.io/azure/azapi\"]",
      "instances": [
        {
          "index_key": 0,
          "schema_version": 2,
          "attributes": {
            "body": {
              "value": {
                "properties": {
                  "allowForwardedTraffic": true,
                  "allowGatewayTransit": true,
                  "allowVirtualNetworkAccess": true,
                  "doNotVerifyRemoteGateways": false,
                  "enableOnlyIPv6Peering": false,
                  "peerCompleteVnets": true,
                  "remoteVirtualNetwork": {
                    "id": "/subscriptions/19d9f48a-d2a3-4351-a256-9d7ed76f557e/resourceGroups/spoke2-rg-vnet/providers/Microsoft.Network/virtualNetworks/spoke2-vnet"
                  },
                  "useRemoteGateways": false
                }
              },
              "type": [
                "object",
                {
                  "properties": [
                    "object",
                    {
                      "allowForwardedTraffic": "bool",
                      "allowGatewayTransit": "bool",
                      "allowVirtualNetworkAccess": "bool",
                      "doNotVerifyRemoteGateways": "bool",
                      "enableOnlyIPv6Peering": "bool",
                      "peerCompleteVnets": "bool",
                      "remoteVirtualNetwork": [
                        "object",
                        {
                          "id": "string"
                        }
                      ],
                      "useRemoteGateways": "bool"
                    }
                  ]
                }
              ]
            },
            "create_headers": null,
            "create_query_parameters": null,
            "delete_headers": null,
            "delete_query_parameters": null,
            "id": "/subscriptions/3b1b9773-e995-4f5e-b43c-e0102635ffd7/resourceGroups/rg-fw-dev-southcentralus-001/providers/Microsoft.Network/virtualNetworks/vnet-fw-dev-southcentralus-001/virtualNetworkPeerings/peer-hub-to-spoke2",
            "identity": [],
            "ignore_casing": false,
            "ignore_missing_property": true,
            "ignore_null_property": false,
            "ignore_other_items_in_list": null,
            "list_unique_id_property": null,
            "location": null,
            "locks": [
              "/subscriptions/3b1b9773-e995-4f5e-b43c-e0102635ffd7/resourceGroups/rg-fw-dev-southcentralus-001/providers/Microsoft.Network/virtualNetworks/vnet-fw-dev-southcentralus-001"
            ],
            "name": "peer-hub-to-spoke2",
            "output": {
              "value": {},
              "type": [
                "object",
                {}
              ]
            },
            "parent_id": "/subscriptions/3b1b9773-e995-4f5e-b43c-e0102635ffd7/resourceGroups/rg-fw-dev-southcentralus-001/providers/Microsoft.Network/virtualNetworks/vnet-fw-dev-southcentralus-001",
            "read_headers": null,
            "read_query_parameters": null,
            "replace_triggers_external_values": null,
            "replace_triggers_refs": null,
            "response_export_values": {
              "value": [],
              "type": [
                "tuple",
                []
              ]
            },
            "retry": {
              "error_message_regex": [
                "ReferencedResourceNotProvisioned"
              ],
              "interval_seconds": 10,
              "max_interval_seconds": 180,
              "multiplier": 1.5,
              "randomization_factor": 0.5
            },
            "schema_validation_enabled": true,
            "sensitive_body": null,
            "sensitive_body_version": null,
            "tags": null,
            "timeouts": {
              "create": "30m",
              "delete": "30m",
              "read": "5m",
              "update": "30m"
            },
            "type": "Microsoft.Network/virtualNetworks/virtualNetworkPeerings@2024-07-01",
            "update_headers": null,
            "update_query_parameters": null
          },
          "sensitive_attributes": [],
          "private": "eyJzZW5zaXRpdmVfYm9keSI6ImV5Sm9ZWE5vSWpvaVpFTk9UMjFMTDI1VFdTc3hNblpJZW1GelRGaHBjM2Q2YkVkVU5WVklRVGRxUVVkWmEzWnRRM1ZSY3owaWZRPT0ifQ==",
          "dependencies": [
            "module.regions.data.azapi_client_config.current",
            "module.regions.data.azapi_resource_action.locations",
            "module.resource_group.azurerm_resource_group.this",
            "module.spoke_spoke2.module.avm_spoke_to_hub_peering.azapi_resource.this",
            "module.virtual_network.azapi_resource.vnet",
            "module.virtual_network.data.modtm_module_source.telemetry",
            "module.virtual_network.random_uuid.telemetry",
            "random_string.unique_name"
          ]
        }
      ]
    },
    {
      "module": "module.spoke_spoke2.module.avm_spoke_to_hub_peering",
      "mode": "managed",
      "type": "azapi_resource",
      "name": "this",
      "provider": "provider[\"registry.terraform.io/azure/azapi\"]",
      "instances": [
        {
          "index_key": 0,
          "schema_version": 2,
          "attributes": {
            "body": {
              "value": {
                "properties": {
                  "allowForwardedTraffic": true,
                  "allowGatewayTransit": false,
                  "allowVirtualNetworkAccess": true,
                  "doNotVerifyRemoteGateways": false,
                  "enableOnlyIPv6Peering": false,
                  "peerCompleteVnets": true,
                  "remoteVirtualNetwork": {
                    "id": "/subscriptions/3b1b9773-e995-4f5e-b43c-e0102635ffd7/resourceGroups/rg-fw-dev-southcentralus-001/providers/Microsoft.Network/virtualNetworks/vnet-fw-dev-southcentralus-001"
                  },
                  "useRemoteGateways": false
                }
              },
              "type": [
                "object",
                {
                  "properties": [
                    "object",
                    {
                      "allowForwardedTraffic": "bool",
                      "allowGatewayTransit": "bool",
                      "allowVirtualNetworkAccess": "bool",
                      "doNotVerifyRemoteGateways": "bool",
                      "enableOnlyIPv6Peering": "bool",
                      "peerCompleteVnets": "bool",
                      "remoteVirtualNetwork": [
                        "object",
                        {
                          "id": "string"
                        }
                      ],
                      "useRemoteGateways": "bool"
                    }
                  ]
                }
              ]
            },
            "create_headers": null,
            "create_query_parameters": null,
            "delete_headers": null,
            "delete_query_parameters": null,
            "id": "/subscriptions/19d9f48a-d2a3-4351-a256-9d7ed76f557e/resourceGroups/spoke2-rg-vnet/providers/Microsoft.Network/virtualNetworks/spoke2-vnet/virtualNetworkPeerings/peer-spoke-to-hub",
            "identity": [],
            "ignore_casing": false,
            "ignore_missing_property": true,
            "ignore_null_property": false,
            "ignore_other_items_in_list": null,
            "list_unique_id_property": null,
            "location": null,
            "locks": [
              "/subscriptions/19d9f48a-d2a3-4351-a256-9d7ed76f557e/resourceGroups/spoke2-rg-vnet/providers/Microsoft.Network/virtualNetworks/spoke2-vnet"
            ],
            "name": "peer-spoke-to-hub",
            "output": {
              "value": {},
              "type": [
                "object",
                {}
              ]
            },
            "parent_id": "/subscriptions/19d9f48a-d2a3-4351-a256-9d7ed76f557e/resourceGroups/spoke2-rg-vnet/providers/Microsoft.Network/virtualNetworks/spoke2-vnet",
            "read_headers": null,
            "read_query_parameters": null,
            "replace_triggers_external_values": null,
            "replace_triggers_refs": null,
            "response_export_values": {
              "value": [],
              "type": [
                "tuple",
                []
              ]
            },
            "retry": {
              "error_message_regex": [
                "ReferencedResourceNotProvisioned"
              ],
              "interval_seconds": 10,
              "max_interval_seconds": 180,
              "multiplier": 1.5,
              "randomization_factor": 0.5
            },
            "schema_validation_enabled": true,
            "sensitive_body": null,
            "sensitive_body_version": null,
            "tags": null,
            "timeouts": {
              "create": "30m",
              "delete": "30m",
              "read": "5m",
              "update": "30m"
            },
            "type": "Microsoft.Network/virtualNetworks/virtualNetworkPeerings@2024-07-01",
            "update_headers": null,
            "update_query_parameters": null
          },
          "sensitive_attributes": [],
          "private": "eyJzZW5zaXRpdmVfYm9keSI6ImV5Sm9ZWE5vSWpvaVpFTk9UMjFMTDI1VFdTc3hNblpJZW1GelRGaHBjM2Q2YkVkVU5WVklRVGRxUVVkWmEzWnRRM1ZSY3owaWZRPT0ifQ==",
          "dependencies": [
            "module.regions.data.azapi_client_config.current",
            "module.regions.data.azapi_resource_action.locations",
            "module.resource_group.azurerm_resource_group.this",
            "module.virtual_network.azapi_resource.vnet",
            "module.virtual_network.data.modtm_module_source.telemetry",
            "module.virtual_network.random_uuid.telemetry",
            "random_string.unique_name"
          ]
        }
      ]
    },
    {
      "module": "module.virtual_network",
      "mode": "managed",
      "type": "azapi_resource",
      "name": "vnet",
      "provider": "provider[\"registry.terraform.io/azure/azapi\"]",
      "instances": [
        {
          "schema_version": 2,
          "attributes": {
            "body": {
              "value": {
                "extendedLocation": null,
                "properties": {
                  "addressSpace": {
                    "addressPrefixes": [
                      "10.0.0.0/16"
                    ]
                  },
                  "bgpCommunities": null,
                  "ddosProtectionPlan": null,
                  "dhcpOptions": null,
                  "enableDdosProtection": false,
                  "enableVmProtection": false,
                  "encryption": null,
                  "flowTimeoutInMinutes": null
                }
              },
              "type": [
                "object",
                {
                  "extendedLocation": [
                    "object",
                    {
                      "name": "dynamic",
                      "type": "dynamic"
                    }
                  ],
                  "properties": [
                    "object",
                    {
                      "addressSpace": [
                        "object",
                        {
                          "addressPrefixes": [
                            "set",
                            "string"
                          ]
                        }
                      ],
                      "bgpCommunities": [
                        "object",
                        {
                          "virtualNetworkCommunity": "string"
                        }
                      ],
                      "ddosProtectionPlan": [
                        "object",
                        {
                          "id": "dynamic"
                        }
                      ],
                      "dhcpOptions": [
                        "object",
                        {
                          "dnsServers": "dynamic"
                        }
                      ],
                      "enableDdosProtection": "bool",
                      "enableVmProtection": "bool",
                      "encryption": [
                        "object",
                        {
                          "enabled": "dynamic",
                          "enforcement": "dynamic"
                        }
                      ],
                      "flowTimeoutInMinutes": "number"
                    }
                  ]
                }
              ]
            },
            "create_headers": null,
            "create_query_parameters": null,
            "delete_headers": null,
            "delete_query_parameters": null,
            "id": "/subscriptions/3b1b9773-e995-4f5e-b43c-e0102635ffd7/resourceGroups/rg-fw-dev-southcentralus-001/providers/Microsoft.Network/virtualNetworks/vnet-fw-dev-southcentralus-001",
            "identity": [],
            "ignore_casing": false,
            "ignore_missing_property": true,
            "ignore_null_property": false,
            "ignore_other_items_in_list": null,
            "list_unique_id_property": null,
            "location": "southcentralus",
            "locks": null,
            "name": "vnet-fw-dev-southcentralus-001",
            "output": {
              "value": {},
              "type": [
                "object",
                {}
              ]
            },
            "parent_id": "/subscriptions/3b1b9773-e995-4f5e-b43c-e0102635ffd7/resourceGroups/rg-fw-dev-southcentralus-001",
            "read_headers": null,
            "read_query_parameters": null,
            "replace_triggers_external_values": null,
            "replace_triggers_refs": null,
            "response_export_values": {
              "value": [],
              "type": [
                "list",
                "string"
              ]
            },
            "retry": {
              "error_message_regex": [
                "ReferencedResourceNotProvisioned"
              ],
              "interval_seconds": 10,
              "max_interval_seconds": 180,
              "multiplier": 1.5,
              "randomization_factor": 0.5
            },
            "schema_validation_enabled": true,
            "sensitive_body": null,
            "sensitive_body_version": null,
            "tags": {
              "CostCenter": "IT-Security (This is an interesting tag)",
              "Environment": "Sandbox",
              "ManagedBy": "Terraform",
              "Owner": "NetworkTeam",
              "Purpose": "AzureFirewall"
            },
            "timeouts": {
              "create": "30m",
              "delete": "30m",
              "read": "5m",
              "update": "30m"
            },
            "type": "Microsoft.Network/virtualNetworks@2024-07-01",
            "update_headers": null,
            "update_query_parameters": null
          },
          "sensitive_attributes": [],
          "private": "eyJzZW5zaXRpdmVfYm9keSI6ImV5Sm9ZWE5vSWpvaVpFTk9UMjFMTDI1VFdTc3hNblpJZW1GelRGaHBjM2Q2YkVkVU5WVklRVGRxUVVkWmEzWnRRM1ZSY3owaWZRPT0ifQ==",
          "dependencies": [
            "module.regions.data.azapi_client_config.current",
            "module.regions.data.azapi_resource_action.locations",
            "module.resource_group.azurerm_resource_group.this",
            "module.virtual_network.data.modtm_module_source.telemetry",
            "module.virtual_network.random_uuid.telemetry",
            "random_string.unique_name"
          ]
        }
      ]
    },
    {
      "module": "module.virtual_network.module.subnet[\"AzureFirewallSubnet\"]",
      "mode": "managed",
      "type": "azapi_resource",
      "name": "subnet",
      "provider": "provider[\"registry.terraform.io/azure/azapi\"]",
      "instances": [
        {
          "index_key": 0,
          "schema_version": 2,
          "attributes": {
            "body": {
              "value": {
                "properties": {
                  "addressPrefix": null,
                  "addressPrefixes": [
                    "10.0.1.0/26"
                  ],
                  "defaultOutboundAccess": false,
                  "delegations": [],
                  "natGateway": {
                    "id": "/subscriptions/3b1b9773-e995-4f5e-b43c-e0102635ffd7/resourceGroups/rg-fw-dev-southcentralus-001/providers/Microsoft.Network/natGateways/nat-fw-dev-southcentralus-001"
                  },
                  "networkSecurityGroup": null,
                  "privateEndpointNetworkPolicies": "Enabled",
                  "privateLinkServiceNetworkPolicies": "Enabled",
                  "routeTable": null,
                  "serviceEndpointPolicies": null,
                  "serviceEndpoints": null,
                  "sharingScope": null
                }
              },
              "type": [
                "object",
                {
                  "properties": [
                    "object",
                    {
                      "addressPrefix": "string",
                      "addressPrefixes": [
                        "list",
                        "string"
                      ],
                      "defaultOutboundAccess": "bool",
                      "delegations": [
                        "tuple",
                        []
                      ],
                      "natGateway": [
                        "object",
                        {
                          "id": "string"
                        }
                      ],
                      "networkSecurityGroup": [
                        "object",
                        {
                          "id": "dynamic"
                        }
                      ],
                      "privateEndpointNetworkPolicies": "string",
                      "privateLinkServiceNetworkPolicies": "string",
                      "routeTable": [
                        "object",
                        {
                          "id": "dynamic"
                        }
                      ],
                      "serviceEndpointPolicies": "dynamic",
                      "serviceEndpoints": "dynamic",
                      "sharingScope": "string"
                    }
                  ]
                }
              ]
            },
            "create_headers": null,
            "create_query_parameters": null,
            "delete_headers": null,
            "delete_query_parameters": null,
            "id": "/subscriptions/3b1b9773-e995-4f5e-b43c-e0102635ffd7/resourceGroups/rg-fw-dev-southcentralus-001/providers/Microsoft.Network/virtualNetworks/vnet-fw-dev-southcentralus-001/subnets/AzureFirewallSubnet",
            "identity": [],
            "ignore_casing": false,
            "ignore_missing_property": true,
            "ignore_null_property": false,
            "ignore_other_items_in_list": null,
            "list_unique_id_property": null,
            "location": null,
            "locks": [
              "/subscriptions/3b1b9773-e995-4f5e-b43c-e0102635ffd7/resourceGroups/rg-fw-dev-southcentralus-001/providers/Microsoft.Network/virtualNetworks/vnet-fw-dev-southcentralus-001"
            ],
            "name": "AzureFirewallSubnet",
            "output": {
              "value": {
                "properties": {
                  "addressPrefixes": [
                    "10.0.1.0/26"
                  ]
                }
              },
              "type": [
                "object",
                {
                  "properties": [
                    "object",
                    {
                      "addressPrefixes": [
                        "tuple",
                        [
                          "string"
                        ]
                      ]
                    }
                  ]
                }
              ]
            },
            "parent_id": "/subscriptions/3b1b9773-e995-4f5e-b43c-e0102635ffd7/resourceGroups/rg-fw-dev-southcentralus-001/providers/Microsoft.Network/virtualNetworks/vnet-fw-dev-southcentralus-001",
            "read_headers": null,
            "read_query_parameters": null,
            "replace_triggers_external_values": null,
            "replace_triggers_refs": null,
            "response_export_values": {
              "value": [
                "properties.addressPrefixes",
                "properties.addressPrefix"
              ],
              "type": [
                "tuple",
                [
                  "string",
                  "string"
                ]
              ]
            },
            "retry": {
              "error_message_regex": [
                "ReferencedResourceNotProvisioned"
              ],
              "interval_seconds": 10,
              "max_interval_seconds": 180,
              "multiplier": 1.5,
              "randomization_factor": 0.5
            },
            "schema_validation_enabled": true,
            "sensitive_body": null,
            "sensitive_body_version": null,
            "tags": null,
            "timeouts": {
              "create": "30m",
              "delete": "30m",
              "read": "5m",
              "update": "30m"
            },
            "type": "Microsoft.Network/virtualNetworks/subnets@2024-07-01",
            "update_headers": null,
            "update_query_parameters": null
          },
          "sensitive_attributes": [],
          "private": "eyJzZW5zaXRpdmVfYm9keSI6ImV5Sm9ZWE5vSWpvaVpFTk9UMjFMTDI1VFdTc3hNblpJZW1GelRGaHBjM2Q2YkVkVU5WVklRVGRxUVVkWmEzWnRRM1ZSY3owaWZRPT0ifQ==",
          "dependencies": [
            "module.nat_gateway.azapi_resource.public_ip",
            "module.nat_gateway.azapi_resource.this",
            "module.nat_gateway.data.modtm_module_source.telemetry",
            "module.nat_gateway.random_uuid.telemetry",
            "module.regions.data.azapi_client_config.current",
            "module.regions.data.azapi_resource_action.locations",
            "module.resource_group.azurerm_resource_group.this",
            "module.virtual_network.azapi_resource.vnet",
            "module.virtual_network.data.modtm_module_source.telemetry",
            "module.virtual_network.random_uuid.telemetry",
            "random_string.unique_name"
          ]
        }
      ]
    }
  ],
  "check_results": [
    {
      "object_kind": "var",
      "config_addr": "module.virtual_network.module.peering.var.parent_id",
      "status": "pass",
      "objects": null
    },
    {
      "object_kind": "var",
      "config_addr": "module.spoke_spoke1.module.avm_spoke_to_hub_peering.var.remote_virtual_network_id",
      "status": "pass",
      "objects": [
        {
          "object_addr": "module.spoke_spoke1.module.avm_spoke_to_hub_peering.var.remote_virtual_network_id",
          "status": "pass"
        }
      ]
    },
    {
      "object_kind": "var",
      "config_addr": "module.spoke_spoke1.module.avm_spoke_to_hub_peering.var.peer_complete_vnets",
      "status": "pass",
      "objects": [
        {
          "object_addr": "module.spoke_spoke1.module.avm_spoke_to_hub_peering.var.peer_complete_vnets",
          "status": "pass"
        }
      ]
    },
    {
      "object_kind": "resource",
      "config_addr": "module.nat_gateway.azapi_resource.public_ip",
      "status": "pass",
      "objects": [
        {
          "object_addr": "module.nat_gateway.azapi_resource.public_ip[\"pip_1\"]",
          "status": "pass"
        }
      ]
    },
    {
      "object_kind": "var",
      "config_addr": "module.virtual_network.module.subnet.var.parent_id",
      "status": "pass",
      "objects": [
        {
          "object_addr": "module.virtual_network.module.subnet[\"AzureFirewallSubnet\"].var.parent_id",
          "status": "pass"
        }
      ]
    },
    {
      "object_kind": "var",
      "config_addr": "module.virtual_network.module.peering.var.peer_complete_vnets",
      "status": "pass",
      "objects": null
    },
    {
      "object_kind": "var",
      "config_addr": "module.log_analytics_workspace.var.lock",
      "status": "pass",
      "objects": [
        {
          "object_addr": "module.log_analytics_workspace.var.lock",
          "status": "pass"
        }
      ]
    },
    {
      "object_kind": "var",
      "config_addr": "module.spoke_spoke1.module.avm_spoke_to_hub_peering.var.reverse_peer_complete_vnets",
      "status": "pass",
      "objects": [
        {
          "object_addr": "module.spoke_spoke1.module.avm_spoke_to_hub_peering.var.reverse_peer_complete_vnets",
          "status": "pass"
        }
      ]
    },
    {
      "object_kind": "var",
      "config_addr": "module.virtual_network.module.peering.var.sync_remote_address_space_triggers",
      "status": "pass",
      "objects": null
    },
    {
      "object_kind": "var",
      "config_addr": "module.virtual_network.var.extended_location",
      "status": "pass",
      "objects": [
        {
          "object_addr": "module.virtual_network.var.extended_location",
          "status": "pass"
        }
      ]
    },
    {
      "object_kind": "var",
      "config_addr": "module.virtual_network.module.subnet.var.ipam_pools",
      "status": "pass",
      "objects": [
        {
          "object_addr": "module.virtual_network.module.subnet[\"AzureFirewallSubnet\"].var.ipam_pools",
          "status": "pass"
        }
      ]
    },
    {
      "object_kind": "var",
      "config_addr": "var.firewall_sku_tier",
      "status": "pass",
      "objects": [
        {
          "object_addr": "var.firewall_sku_tier",
          "status": "pass"
        }
      ]
    },
    {
      "object_kind": "var",
      "config_addr": "module.virtual_network.module.subnet.var.sharing_scope",
      "status": "pass",
      "objects": [
        {
          "object_addr": "module.virtual_network.module.subnet[\"AzureFirewallSubnet\"].var.sharing_scope",
          "status": "pass"
        }
      ]
    },
    {
      "object_kind": "var",
      "config_addr": "module.virtual_network.var.ipam_pools",
      "status": "pass",
      "objects": [
        {
          "object_addr": "module.virtual_network.var.ipam_pools",
          "status": "pass"
        }
      ]
    },
    {
      "object_kind": "var",
      "config_addr": "module.virtual_network.module.peering.var.remote_virtual_network_id",
      "status": "pass",
      "objects": null
    },
    {
      "object_kind": "var",
      "config_addr": "var.resource_name_workload",
      "status": "pass",
      "objects": [
        {
          "object_addr": "var.resource_name_workload",
          "status": "pass"
        }
      ]
    },
    {
      "object_kind": "var",
      "config_addr": "var.firewall_sku_name",
      "status": "pass",
      "objects": [
        {
          "object_addr": "var.firewall_sku_name",
          "status": "pass"
        }
      ]
    },
    {
      "object_kind": "var",
      "config_addr": "module.nat_gateway.module.avm_interfaces.var.lock",
      "status": "pass",
      "objects": [
        {
          "object_addr": "module.nat_gateway.module.avm_interfaces.var.lock",
          "status": "pass"
        }
      ]
    },
    {
      "object_kind": "var",
      "config_addr": "module.virtual_network.var.subnets",
      "status": "pass",
      "objects": [
        {
          "object_addr": "module.virtual_network.var.subnets",
          "status": "pass"
        }
      ]
    },
    {
      "object_kind": "var",
      "config_addr": "module.virtual_network.var.address_space",
      "status": "pass",
      "objects": [
        {
          "object_addr": "module.virtual_network.var.address_space",
          "status": "pass"
        }
      ]
    },
    {
      "object_kind": "var",
      "config_addr": "module.spoke_spoke2.module.avm_spoke_to_hub_peering.var.peer_complete_vnets",
      "status": "pass",
      "objects": [
        {
          "object_addr": "module.spoke_spoke2.module.avm_spoke_to_hub_peering.var.peer_complete_vnets",
          "status": "pass"
        }
      ]
    },
    {
      "object_kind": "var",
      "config_addr": "module.spoke_spoke1.module.avm_spoke_to_hub_peering.var.sync_remote_address_space_triggers",
      "status": "pass",
      "objects": [
        {
          "object_addr": "module.spoke_spoke1.module.avm_spoke_to_hub_peering.var.sync_remote_address_space_triggers",
          "status": "pass"
        }
      ]
    },
    {
      "object_kind": "var",
      "config_addr": "module.virtual_network.var.encryption",
      "status": "pass",
      "objects": [
        {
          "object_addr": "module.virtual_network.var.encryption",
          "status": "pass"
        }
      ]
    },
    {
      "object_kind": "var",
      "config_addr": "module.spoke_spoke1.module.avm_spoke_to_hub_peering.var.parent_id",
      "status": "pass",
      "objects": [
        {
          "object_addr": "module.spoke_spoke1.module.avm_spoke_to_hub_peering.var.parent_id",
          "status": "pass"
        }
      ]
    },
    {
      "object_kind": "var",
      "config_addr": "module.nat_gateway.module.avm_interfaces.var.diagnostic_settings_v2",
      "status": "pass",
      "objects": [
        {
          "object_addr": "module.nat_gateway.module.avm_interfaces.var.diagnostic_settings_v2",
          "status": "pass"
        }
      ]
    },
    {
      "object_kind": "var",
      "config_addr": "module.resource_group.var.lock",
      "status": "pass",
      "objects": [
        {
          "object_addr": "module.resource_group.var.lock",
          "status": "pass"
        }
      ]
    },
    {
      "object_kind": "var",
      "config_addr": "module.nat_gateway.module.avm_interfaces.var.private_endpoints_scope",
      "status": "pass",
      "objects": [
        {
          "object_addr": "module.nat_gateway.module.avm_interfaces.var.private_endpoints_scope",
          "status": "pass"
        }
      ]
    },
    {
      "object_kind": "var",
      "config_addr": "module.virtual_network.var.parent_id",
      "status": "pass",
      "objects": [
        {
          "object_addr": "module.virtual_network.var.parent_id",
          "status": "pass"
        }
      ]
    },
    {
      "object_kind": "var",
      "config_addr": "var.resource_name_location_short",
      "status": "pass",
      "objects": [
        {
          "object_addr": "var.resource_name_location_short",
          "status": "pass"
        }
      ]
    },
    {
      "object_kind": "var",
      "config_addr": "module.log_analytics_workspace.var.name",
      "status": "pass",
      "objects": [
        {
          "object_addr": "module.log_analytics_workspace.var.name",
          "status": "pass"
        }
      ]
    },
    {
      "object_kind": "var",
      "config_addr": "module.spoke_spoke2.module.avm_spoke_to_hub_peering.var.parent_id",
      "status": "pass",
      "objects": [
        {
          "object_addr": "module.spoke_spoke2.module.avm_spoke_to_hub_peering.var.parent_id",
          "status": "pass"
        }
      ]
    },
    {
      "object_kind": "var",
      "config_addr": "module.log_analytics_workspace.var.diagnostic_settings",
      "status": "pass",
      "objects": [
        {
          "object_addr": "module.log_analytics_workspace.var.diagnostic_settings",
          "status": "pass"
        }
      ]
    },
    {
      "object_kind": "var",
      "config_addr": "module.nat_gateway.module.avm_interfaces.var.diagnostic_settings",
      "status": "pass",
      "objects": [
        {
          "object_addr": "module.nat_gateway.module.avm_interfaces.var.diagnostic_settings",
          "status": "pass"
        }
      ]
    },
    {
      "object_kind": "var",
      "config_addr": "var.appgw_capacity",
      "status": "pass",
      "objects": [
        {
          "object_addr": "var.appgw_capacity",
          "status": "pass"
        }
      ]
    },
    {
      "object_kind": "var",
      "config_addr": "module.spoke_spoke2.module.avm_spoke_to_hub_peering.var.reverse_peer_complete_vnets",
      "status": "pass",
      "objects": [
        {
          "object_addr": "module.spoke_spoke2.module.avm_spoke_to_hub_peering.var.reverse_peer_complete_vnets",
          "status": "pass"
        }
      ]
    },
    {
      "object_kind": "var",
      "config_addr": "module.virtual_network.var.lock",
      "status": "pass",
      "objects": [
        {
          "object_addr": "module.virtual_network.var.lock",
          "status": "pass"
        }
      ]
    },
    {
      "object_kind": "var",
      "config_addr": "var.location",
      "status": "pass",
      "objects": [
        {
          "object_addr": "var.location",
          "status": "pass"
        }
      ]
    },
    {
      "object_kind": "var",
      "config_addr": "module.virtual_network.module.subnet.var.private_endpoint_network_policies",
      "status": "pass",
      "objects": [
        {
          "object_addr": "module.virtual_network.module.subnet[\"AzureFirewallSubnet\"].var.private_endpoint_network_policies",
          "status": "pass"
        }
      ]
    },
    {
      "object_kind": "var",
      "config_addr": "module.virtual_network.module.subnet.var.service_endpoints_with_location",
      "status": "pass",
      "objects": [
        {
          "object_addr": "module.virtual_network.module.subnet[\"AzureFirewallSubnet\"].var.service_endpoints_with_location",
          "status": "pass"
        }
      ]
    },
    {
      "object_kind": "var",
      "config_addr": "module.spoke_spoke2.module.avm_spoke_to_hub_peering.var.sync_remote_address_space_triggers",
      "status": "pass",
      "objects": [
        {
          "object_addr": "module.spoke_spoke2.module.avm_spoke_to_hub_peering.var.sync_remote_address_space_triggers",
          "status": "pass"
        }
      ]
    },
    {
      "object_kind": "var",
      "config_addr": "module.spoke_spoke2.module.avm_spoke_to_hub_peering.var.remote_virtual_network_id",
      "status": "pass",
      "objects": [
        {
          "object_addr": "module.spoke_spoke2.module.avm_spoke_to_hub_peering.var.remote_virtual_network_id",
          "status": "pass"
        }
      ]
    },
    {
      "object_kind": "var",
      "config_addr": "module.virtual_network.module.peering.var.reverse_peer_complete_vnets",
      "status": "pass",
      "objects": null
    },
    {
      "object_kind": "var",
      "config_addr": "module.nat_gateway.var.lock",
      "status": "pass",
      "objects": [
        {
          "object_addr": "module.nat_gateway.var.lock",
          "status": "pass"
        }
      ]
    },
    {
      "object_kind": "var",
      "config_addr": "module.nat_gateway.module.avm_interfaces.var.role_assignments",
      "status": "pass",
      "objects": [
        {
          "object_addr": "module.nat_gateway.module.avm_interfaces.var.role_assignments",
          "status": "pass"
        }
      ]
    },
    {
      "object_kind": "var",
      "config_addr": "module.nat_gateway.module.avm_interfaces.var.private_endpoints",
      "status": "pass",
      "objects": [
        {
          "object_addr": "module.nat_gateway.module.avm_interfaces.var.private_endpoints",
          "status": "pass"
        }
      ]
    },
    {
      "object_kind": "resource",
      "config_addr": "module.nat_gateway.azapi_resource.this",
      "status": "pass",
      "objects": [
        {
          "object_addr": "module.nat_gateway.azapi_resource.this",
          "status": "pass"
        }
      ]
    },
    {
      "object_kind": "var",
      "config_addr": "var.appgw_private_frontend_ip",
      "status": "pass",
      "objects": [
        {
          "object_addr": "var.appgw_private_frontend_ip",
          "status": "pass"
        }
      ]
    },
    {
      "object_kind": "var",
      "config_addr": "module.resource_group.var.name",
      "status": "pass",
      "objects": [
        {
          "object_addr": "module.resource_group.var.name",
          "status": "pass"
        }
      ]
    },
    {
      "object_kind": "var",
      "config_addr": "var.resource_name_sequence_start",
      "status": "pass",
      "objects": [
        {
          "object_addr": "var.resource_name_sequence_start",
          "status": "pass"
        }
      ]
    },
    {
      "object_kind": "var",
      "config_addr": "module.virtual_network.var.diagnostic_settings",
      "status": "pass",
      "objects": [
        {
          "object_addr": "module.virtual_network.var.diagnostic_settings",
          "status": "pass"
        }
      ]
    },
    {
      "object_kind": "var",
      "config_addr": "module.resource_group.var.role_assignments",
      "status": "pass",
      "objects": [
        {
          "object_addr": "module.resource_group.var.role_assignments",
          "status": "pass"
        }
      ]
    },
    {
      "object_kind": "var",
      "config_addr": "module.nat_gateway.var.diagnostic_settings",
      "status": "pass",
      "objects": [
        {
          "object_addr": "module.nat_gateway.var.diagnostic_settings",
          "status": "pass"
        }
      ]
    },
    {
      "object_kind": "var",
      "config_addr": "var.resource_name_environment",
      "status": "pass",
      "objects": [
        {
          "object_addr": "var.resource_name_environment",
          "status": "pass"
        }
      ]
    },
    {
      "object_kind": "var",
      "config_addr": "module.nat_gateway.var.sku_name",
      "status": "pass",
      "objects": [
        {
          "object_addr": "module.nat_gateway.var.sku_name",
          "status": "pass"
        }
      ]
    }
  ]
}
