{
  "version": 4,
  "terraform_version": "1.11.4",
  "serial": 13,
  "lineage": "3a11b572-2166-7165-1a3c-a39bbc92faad",
  "outputs": {},
  "resources": [
    {
      "mode": "managed",
      "type": "azurerm_resource_group",
      "name": "vnet",
      "provider": "provider[\"registry.terraform.io/hashicorp/azurerm\"]",
      "instances": [
        {
          "schema_version": 0,
          "attributes": {
            "id": "/subscriptions/183c2e21-04c7-46f2-a7dd-a62332e957fa/resourceGroups/spoke1-rg-vnet",
            "location": "southcentralus",
            "managed_by": "",
            "name": "spoke1-rg-vnet",
            "tags": {
              "Environment": "Spoke1",
              "ManagedBy": "Terraform",
              "Purpose": "AzureFirewall"
            },
            "timeouts": null
          },
          "sensitive_attributes": [],
          "private": "eyJlMmJmYjczMC1lY2FhLTExZTYtOGY4OC0zNDM2M2JjN2M0YzAiOnsiY3JlYXRlIjo1NDAwMDAwMDAwMDAwLCJkZWxldGUiOjU0MDAwMDAwMDAwMDAsInJlYWQiOjMwMDAwMDAwMDAwMCwidXBkYXRlIjo1NDAwMDAwMDAwMDAwfX0="
        }
      ]
    },
    {
      "module": "module.spoke_virtual_network",
      "mode": "managed",
      "type": "azapi_resource",
      "name": "vnet",
      "provider": "provider[\"registry.terraform.io/azure/azapi\"]",
      "instances": [
        {
          "schema_version": 2,
          "attributes": {
            "body": {
              "value": {
                "extendedLocation": null,
                "properties": {
                  "addressSpace": {
                    "addressPrefixes": [
                      "10.1.0.0/16"
                    ]
                  },
                  "bgpCommunities": null,
                  "ddosProtectionPlan": null,
                  "dhcpOptions": null,
                  "enableDdosProtection": false,
                  "enableVmProtection": false,
                  "encryption": null,
                  "flowTimeoutInMinutes": null
                }
              },
              "type": [
                "object",
                {
                  "extendedLocation": [
                    "object",
                    {
                      "name": "dynamic",
                      "type": "dynamic"
                    }
                  ],
                  "properties": [
                    "object",
                    {
                      "addressSpace": [
                        "object",
                        {
                          "addressPrefixes": [
                            "set",
                            "string"
                          ]
                        }
                      ],
                      "bgpCommunities": [
                        "object",
                        {
                          "virtualNetworkCommunity": "string"
                        }
                      ],
                      "ddosProtectionPlan": [
                        "object",
                        {
                          "id": "dynamic"
                        }
                      ],
                      "dhcpOptions": [
                        "object",
                        {
                          "dnsServers": "dynamic"
                        }
                      ],
                      "enableDdosProtection": "bool",
                      "enableVmProtection": "bool",
                      "encryption": [
                        "object",
                        {
                          "enabled": "dynamic",
                          "enforcement": "dynamic"
                        }
                      ],
                      "flowTimeoutInMinutes": "number"
                    }
                  ]
                }
              ]
            },
            "create_headers": null,
            "create_query_parameters": null,
            "delete_headers": null,
            "delete_query_parameters": null,
            "id": "/subscriptions/183c2e21-04c7-46f2-a7dd-a62332e957fa/resourceGroups/spoke1-rg-vnet/providers/Microsoft.Network/virtualNetworks/spoke1-vnet",
            "identity": [],
            "ignore_casing": false,
            "ignore_missing_property": true,
            "ignore_null_property": false,
            "ignore_other_items_in_list": null,
            "list_unique_id_property": null,
            "location": "southcentralus",
            "locks": null,
            "name": "spoke1-vnet",
            "output": {
              "value": {},
              "type": [
                "object",
                {}
              ]
            },
            "parent_id": "/subscriptions/183c2e21-04c7-46f2-a7dd-a62332e957fa/resourceGroups/spoke1-rg-vnet",
            "read_headers": null,
            "read_query_parameters": null,
            "replace_triggers_external_values": null,
            "replace_triggers_refs": null,
            "response_export_values": {
              "value": [],
              "type": [
                "list",
                "string"
              ]
            },
            "retry": {
              "error_message_regex": [
                "ReferencedResourceNotProvisioned"
              ],
              "interval_seconds": 10,
              "max_interval_seconds": 180,
              "multiplier": 1.5,
              "randomization_factor": 0.5
            },
            "schema_validation_enabled": true,
            "sensitive_body": null,
            "sensitive_body_version": null,
            "tags": {
              "Environment": "Spoke1",
              "ManagedBy": "Terraform",
              "Purpose": "AzureFirewall"
            },
            "timeouts": {
              "create": "30m",
              "delete": "30m",
              "read": "5m",
              "update": "30m"
            },
            "type": "Microsoft.Network/virtualNetworks@2024-07-01",
            "update_headers": null,
            "update_query_parameters": null
          },
          "sensitive_attributes": [],
          "private": "eyJzZW5zaXRpdmVfYm9keSI6ImV5Sm9ZWE5vSWpvaVpFTk9UMjFMTDI1VFdTc3hNblpJZW1GelRGaHBjM2Q2YkVkVU5WVklRVGRxUVVkWmEzWnRRM1ZSY3owaWZRPT0ifQ==",
          "dependencies": [
            "azurerm_resource_group.vnet",
            "module.spoke_virtual_network.data.modtm_module_source.telemetry",
            "module.spoke_virtual_network.random_uuid.telemetry"
          ]
        }
      ]
    },
    {
      "module": "module.spoke_virtual_network.module.subnet[\"appgw\"]",
      "mode": "managed",
      "type": "azapi_resource",
      "name": "subnet",
      "provider": "provider[\"registry.terraform.io/azure/azapi\"]",
      "instances": [
        {
          "index_key": 0,
          "schema_version": 2,
          "attributes": {
            "body": {
              "value": {
                "properties": {
                  "addressPrefix": null,
                  "addressPrefixes": [
                    "10.1.2.0/24"
                  ],
                  "defaultOutboundAccess": false,
                  "delegations": [],
                  "natGateway": null,
                  "networkSecurityGroup": null,
                  "privateEndpointNetworkPolicies": "Enabled",
                  "privateLinkServiceNetworkPolicies": "Enabled",
                  "routeTable": null,
                  "serviceEndpointPolicies": null,
                  "serviceEndpoints": null,
                  "sharingScope": null
                }
              },
              "type": [
                "object",
                {
                  "properties": [
                    "object",
                    {
                      "addressPrefix": "string",
                      "addressPrefixes": [
                        "list",
                        "string"
                      ],
                      "defaultOutboundAccess": "bool",
                      "delegations": [
                        "tuple",
                        []
                      ],
                      "natGateway": [
                        "object",
                        {
                          "id": "dynamic"
                        }
                      ],
                      "networkSecurityGroup": [
                        "object",
                        {
                          "id": "dynamic"
                        }
                      ],
                      "privateEndpointNetworkPolicies": "string",
                      "privateLinkServiceNetworkPolicies": "string",
                      "routeTable": [
                        "object",
                        {
                          "id": "dynamic"
                        }
                      ],
                      "serviceEndpointPolicies": "dynamic",
                      "serviceEndpoints": "dynamic",
                      "sharingScope": "string"
                    }
                  ]
                }
              ]
            },
            "create_headers": null,
            "create_query_parameters": null,
            "delete_headers": null,
            "delete_query_parameters": null,
            "id": "/subscriptions/183c2e21-04c7-46f2-a7dd-a62332e957fa/resourceGroups/spoke1-rg-vnet/providers/Microsoft.Network/virtualNetworks/spoke1-vnet/subnets/snet-appgw",
            "identity": [],
            "ignore_casing": false,
            "ignore_missing_property": true,
            "ignore_null_property": false,
            "ignore_other_items_in_list": null,
            "list_unique_id_property": null,
            "location": null,
            "locks": [
              "/subscriptions/183c2e21-04c7-46f2-a7dd-a62332e957fa/resourceGroups/spoke1-rg-vnet/providers/Microsoft.Network/virtualNetworks/spoke1-vnet"
            ],
            "name": "snet-appgw",
            "output": {
              "value": {
                "properties": {
                  "addressPrefixes": [
                    "10.1.2.0/24"
                  ]
                }
              },
              "type": [
                "object",
                {
                  "properties": [
                    "object",
                    {
                      "addressPrefixes": [
                        "tuple",
                        [
                          "string"
                        ]
                      ]
                    }
                  ]
                }
              ]
            },
            "parent_id": "/subscriptions/183c2e21-04c7-46f2-a7dd-a62332e957fa/resourceGroups/spoke1-rg-vnet/providers/Microsoft.Network/virtualNetworks/spoke1-vnet",
            "read_headers": null,
            "read_query_parameters": null,
            "replace_triggers_external_values": null,
            "replace_triggers_refs": null,
            "response_export_values": {
              "value": [
                "properties.addressPrefixes",
                "properties.addressPrefix"
              ],
              "type": [
                "tuple",
                [
                  "string",
                  "string"
                ]
              ]
            },
            "retry": {
              "error_message_regex": [
                "ReferencedResourceNotProvisioned"
              ],
              "interval_seconds": 10,
              "max_interval_seconds": 180,
              "multiplier": 1.5,
              "randomization_factor": 0.5
            },
            "schema_validation_enabled": true,
            "sensitive_body": null,
            "sensitive_body_version": null,
            "tags": null,
            "timeouts": {
              "create": "30m",
              "delete": "30m",
              "read": "5m",
              "update": "30m"
            },
            "type": "Microsoft.Network/virtualNetworks/subnets@2024-07-01",
            "update_headers": null,
            "update_query_parameters": null
          },
          "sensitive_attributes": [],
          "private": "eyJzZW5zaXRpdmVfYm9keSI6ImV5Sm9ZWE5vSWpvaVpFTk9UMjFMTDI1VFdTc3hNblpJZW1GelRGaHBjM2Q2YkVkVU5WVklRVGRxUVVkWmEzWnRRM1ZSY3owaWZRPT0ifQ==",
          "dependencies": [
            "azurerm_resource_group.vnet",
            "module.spoke_virtual_network.azapi_resource.vnet",
            "module.spoke_virtual_network.data.modtm_module_source.telemetry",
            "module.spoke_virtual_network.random_uuid.telemetry"
          ]
        }
      ]
    },
    {
      "module": "module.spoke_virtual_network.module.subnet[\"appgw-pvtlink\"]",
      "mode": "managed",
      "type": "azapi_resource",
      "name": "subnet",
      "provider": "provider[\"registry.terraform.io/azure/azapi\"]",
      "instances": [
        {
          "index_key": 0,
          "schema_version": 2,
          "attributes": {
            "body": {
              "value": {
                "properties": {
                  "addressPrefix": null,
                  "addressPrefixes": [
                    "10.1.3.0/29"
                  ],
                  "defaultOutboundAccess": false,
                  "delegations": [],
                  "natGateway": null,
                  "networkSecurityGroup": null,
                  "privateEndpointNetworkPolicies": "Enabled",
                  "privateLinkServiceNetworkPolicies": "Disabled",
                  "routeTable": null,
                  "serviceEndpointPolicies": null,
                  "serviceEndpoints": null,
                  "sharingScope": null
                }
              },
              "type": [
                "object",
                {
                  "properties": [
                    "object",
                    {
                      "addressPrefix": "string",
                      "addressPrefixes": [
                        "list",
                        "string"
                      ],
                      "defaultOutboundAccess": "bool",
                      "delegations": [
                        "tuple",
                        []
                      ],
                      "natGateway": [
                        "object",
                        {
                          "id": "dynamic"
                        }
                      ],
                      "networkSecurityGroup": [
                        "object",
                        {
                          "id": "dynamic"
                        }
                      ],
                      "privateEndpointNetworkPolicies": "string",
                      "privateLinkServiceNetworkPolicies": "string",
                      "routeTable": [
                        "object",
                        {
                          "id": "dynamic"
                        }
                      ],
                      "serviceEndpointPolicies": "dynamic",
                      "serviceEndpoints": "dynamic",
                      "sharingScope": "string"
                    }
                  ]
                }
              ]
            },
            "create_headers": null,
            "create_query_parameters": null,
            "delete_headers": null,
            "delete_query_parameters": null,
            "id": "/subscriptions/183c2e21-04c7-46f2-a7dd-a62332e957fa/resourceGroups/spoke1-rg-vnet/providers/Microsoft.Network/virtualNetworks/spoke1-vnet/subnets/snet-pvtlink-appgw",
            "identity": [],
            "ignore_casing": false,
            "ignore_missing_property": true,
            "ignore_null_property": false,
            "ignore_other_items_in_list": null,
            "list_unique_id_property": null,
            "location": null,
            "locks": [
              "/subscriptions/183c2e21-04c7-46f2-a7dd-a62332e957fa/resourceGroups/spoke1-rg-vnet/providers/Microsoft.Network/virtualNetworks/spoke1-vnet"
            ],
            "name": "snet-pvtlink-appgw",
            "output": {
              "value": {
                "properties": {
                  "addressPrefixes": [
                    "10.1.3.0/29"
                  ]
                }
              },
              "type": [
                "object",
                {
                  "properties": [
                    "object",
                    {
                      "addressPrefixes": [
                        "tuple",
                        [
                          "string"
                        ]
                      ]
                    }
                  ]
                }
              ]
            },
            "parent_id": "/subscriptions/183c2e21-04c7-46f2-a7dd-a62332e957fa/resourceGroups/spoke1-rg-vnet/providers/Microsoft.Network/virtualNetworks/spoke1-vnet",
            "read_headers": null,
            "read_query_parameters": null,
            "replace_triggers_external_values": null,
            "replace_triggers_refs": null,
            "response_export_values": {
              "value": [
                "properties.addressPrefixes",
                "properties.addressPrefix"
              ],
              "type": [
                "tuple",
                [
                  "string",
                  "string"
                ]
              ]
            },
            "retry": {
              "error_message_regex": [
                "ReferencedResourceNotProvisioned"
              ],
              "interval_seconds": 10,
              "max_interval_seconds": 180,
              "multiplier": 1.5,
              "randomization_factor": 0.5
            },
            "schema_validation_enabled": true,
            "sensitive_body": null,
            "sensitive_body_version": null,
            "tags": null,
            "timeouts": {
              "create": "30m",
              "delete": "30m",
              "read": "5m",
              "update": "30m"
            },
            "type": "Microsoft.Network/virtualNetworks/subnets@2024-07-01",
            "update_headers": null,
            "update_query_parameters": null
          },
          "sensitive_attributes": [],
          "private": "eyJzZW5zaXRpdmVfYm9keSI6ImV5Sm9ZWE5vSWpvaVpFTk9UMjFMTDI1VFdTc3hNblpJZW1GelRGaHBjM2Q2YkVkVU5WVklRVGRxUVVkWmEzWnRRM1ZSY3owaWZRPT0ifQ==",
          "dependencies": [
            "azurerm_resource_group.vnet",
            "module.spoke_virtual_network.azapi_resource.vnet",
            "module.spoke_virtual_network.data.modtm_module_source.telemetry",
            "module.spoke_virtual_network.random_uuid.telemetry"
          ]
        }
      ]
    },
    {
      "module": "module.spoke_virtual_network.module.subnet[\"workload\"]",
      "mode": "managed",
      "type": "azapi_resource",
      "name": "subnet",
      "provider": "provider[\"registry.terraform.io/azure/azapi\"]",
      "instances": [
        {
          "index_key": 0,
          "schema_version": 2,
          "attributes": {
            "body": {
              "value": {
                "properties": {
                  "addressPrefix": null,
                  "addressPrefixes": [
                    "10.1.1.0/24"
                  ],
                  "defaultOutboundAccess": false,
                  "delegations": [],
                  "natGateway": null,
                  "networkSecurityGroup": null,
                  "privateEndpointNetworkPolicies": "Enabled",
                  "privateLinkServiceNetworkPolicies": "Enabled",
                  "routeTable": null,
                  "serviceEndpointPolicies": null,
                  "serviceEndpoints": null,
                  "sharingScope": null
                }
              },
              "type": [
                "object",
                {
                  "properties": [
                    "object",
                    {
                      "addressPrefix": "string",
                      "addressPrefixes": [
                        "list",
                        "string"
                      ],
                      "defaultOutboundAccess": "bool",
                      "delegations": [
                        "tuple",
                        []
                      ],
                      "natGateway": [
                        "object",
                        {
                          "id": "dynamic"
                        }
                      ],
                      "networkSecurityGroup": [
                        "object",
                        {
                          "id": "dynamic"
                        }
                      ],
                      "privateEndpointNetworkPolicies": "string",
                      "privateLinkServiceNetworkPolicies": "string",
                      "routeTable": [
                        "object",
                        {
                          "id": "dynamic"
                        }
                      ],
                      "serviceEndpointPolicies": "dynamic",
                      "serviceEndpoints": "dynamic",
                      "sharingScope": "string"
                    }
                  ]
                }
              ]
            },
            "create_headers": null,
            "create_query_parameters": null,
            "delete_headers": null,
            "delete_query_parameters": null,
            "id": "/subscriptions/183c2e21-04c7-46f2-a7dd-a62332e957fa/resourceGroups/spoke1-rg-vnet/providers/Microsoft.Network/virtualNetworks/spoke1-vnet/subnets/snet-workload",
            "identity": [],
            "ignore_casing": false,
            "ignore_missing_property": true,
            "ignore_null_property": false,
            "ignore_other_items_in_list": null,
            "list_unique_id_property": null,
            "location": null,
            "locks": [
              "/subscriptions/183c2e21-04c7-46f2-a7dd-a62332e957fa/resourceGroups/spoke1-rg-vnet/providers/Microsoft.Network/virtualNetworks/spoke1-vnet"
            ],
            "name": "snet-workload",
            "output": {
              "value": {
                "properties": {
                  "addressPrefixes": [
                    "10.1.1.0/24"
                  ]
                }
              },
              "type": [
                "object",
                {
                  "properties": [
                    "object",
                    {
                      "addressPrefixes": [
                        "tuple",
                        [
                          "string"
                        ]
                      ]
                    }
                  ]
                }
              ]
            },
            "parent_id": "/subscriptions/183c2e21-04c7-46f2-a7dd-a62332e957fa/resourceGroups/spoke1-rg-vnet/providers/Microsoft.Network/virtualNetworks/spoke1-vnet",
            "read_headers": null,
            "read_query_parameters": null,
            "replace_triggers_external_values": null,
            "replace_triggers_refs": null,
            "response_export_values": {
              "value": [
                "properties.addressPrefixes",
                "properties.addressPrefix"
              ],
              "type": [
                "tuple",
                [
                  "string",
                  "string"
                ]
              ]
            },
            "retry": {
              "error_message_regex": [
                "ReferencedResourceNotProvisioned"
              ],
              "interval_seconds": 10,
              "max_interval_seconds": 180,
              "multiplier": 1.5,
              "randomization_factor": 0.5
            },
            "schema_validation_enabled": true,
            "sensitive_body": null,
            "sensitive_body_version": null,
            "tags": null,
            "timeouts": {
              "create": "30m",
              "delete": "30m",
              "read": "5m",
              "update": "30m"
            },
            "type": "Microsoft.Network/virtualNetworks/subnets@2024-07-01",
            "update_headers": null,
            "update_query_parameters": null
          },
          "sensitive_attributes": [],
          "private": "eyJzZW5zaXRpdmVfYm9keSI6ImV5Sm9ZWE5vSWpvaVpFTk9UMjFMTDI1VFdTc3hNblpJZW1GelRGaHBjM2Q2YkVkVU5WVklRVGRxUVVkWmEzWnRRM1ZSY3owaWZRPT0ifQ==",
          "dependencies": [
            "azurerm_resource_group.vnet",
            "module.spoke_virtual_network.azapi_resource.vnet",
            "module.spoke_virtual_network.data.modtm_module_source.telemetry",
            "module.spoke_virtual_network.random_uuid.telemetry"
          ]
        }
      ]
    }
  ],
  "check_results": [
    {
      "object_kind": "var",
      "config_addr": "module.spoke_virtual_network.module.subnet.var.service_endpoints_with_location",
      "status": "pass",
      "objects": [
        {
          "object_addr": "module.spoke_virtual_network.module.subnet[\"appgw\"].var.service_endpoints_with_location",
          "status": "pass"
        },
        {
          "object_addr": "module.spoke_virtual_network.module.subnet[\"appgw-pvtlink\"].var.service_endpoints_with_location",
          "status": "pass"
        },
        {
          "object_addr": "module.spoke_virtual_network.module.subnet[\"workload\"].var.service_endpoints_with_location",
          "status": "pass"
        }
      ]
    },
    {
      "object_kind": "var",
      "config_addr": "module.spoke_virtual_network.module.subnet.var.parent_id",
      "status": "pass",
      "objects": [
        {
          "object_addr": "module.spoke_virtual_network.module.subnet[\"appgw-pvtlink\"].var.parent_id",
          "status": "pass"
        },
        {
          "object_addr": "module.spoke_virtual_network.module.subnet[\"workload\"].var.parent_id",
          "status": "pass"
        },
        {
          "object_addr": "module.spoke_virtual_network.module.subnet[\"appgw\"].var.parent_id",
          "status": "pass"
        }
      ]
    },
    {
      "object_kind": "var",
      "config_addr": "module.spoke_virtual_network.module.peering.var.remote_virtual_network_id",
      "status": "pass",
      "objects": null
    },
    {
      "object_kind": "var",
      "config_addr": "module.spoke_virtual_network.module.peering.var.peer_complete_vnets",
      "status": "pass",
      "objects": null
    },
    {
      "object_kind": "var",
      "config_addr": "module.spoke_virtual_network.module.peering.var.parent_id",
      "status": "pass",
      "objects": null
    },
    {
      "object_kind": "var",
      "config_addr": "module.spoke_virtual_network.var.encryption",
      "status": "pass",
      "objects": [
        {
          "object_addr": "module.spoke_virtual_network.var.encryption",
          "status": "pass"
        }
      ]
    },
    {
      "object_kind": "var",
      "config_addr": "module.spoke_virtual_network.module.subnet.var.ipam_pools",
      "status": "pass",
      "objects": [
        {
          "object_addr": "module.spoke_virtual_network.module.subnet[\"appgw\"].var.ipam_pools",
          "status": "pass"
        },
        {
          "object_addr": "module.spoke_virtual_network.module.subnet[\"appgw-pvtlink\"].var.ipam_pools",
          "status": "pass"
        },
        {
          "object_addr": "module.spoke_virtual_network.module.subnet[\"workload\"].var.ipam_pools",
          "status": "pass"
        }
      ]
    },
    {
      "object_kind": "var",
      "config_addr": "module.spoke_virtual_network.module.peering.var.reverse_peer_complete_vnets",
      "status": "pass",
      "objects": null
    },
    {
      "object_kind": "var",
      "config_addr": "module.spoke_virtual_network.var.diagnostic_settings",
      "status": "pass",
      "objects": [
        {
          "object_addr": "module.spoke_virtual_network.var.diagnostic_settings",
          "status": "pass"
        }
      ]
    },
    {
      "object_kind": "var",
      "config_addr": "module.spoke_virtual_network.var.address_space",
      "status": "pass",
      "objects": [
        {
          "object_addr": "module.spoke_virtual_network.var.address_space",
          "status": "pass"
        }
      ]
    },
    {
      "object_kind": "var",
      "config_addr": "module.spoke_virtual_network.var.extended_location",
      "status": "pass",
      "objects": [
        {
          "object_addr": "module.spoke_virtual_network.var.extended_location",
          "status": "pass"
        }
      ]
    },
    {
      "object_kind": "var",
      "config_addr": "module.spoke_virtual_network.var.lock",
      "status": "pass",
      "objects": [
        {
          "object_addr": "module.spoke_virtual_network.var.lock",
          "status": "pass"
        }
      ]
    },
    {
      "object_kind": "var",
      "config_addr": "var.location",
      "status": "pass",
      "objects": [
        {
          "object_addr": "var.location",
          "status": "pass"
        }
      ]
    },
    {
      "object_kind": "var",
      "config_addr": "module.spoke_virtual_network.module.subnet.var.private_endpoint_network_policies",
      "status": "pass",
      "objects": [
        {
          "object_addr": "module.spoke_virtual_network.module.subnet[\"appgw-pvtlink\"].var.private_endpoint_network_policies",
          "status": "pass"
        },
        {
          "object_addr": "module.spoke_virtual_network.module.subnet[\"workload\"].var.private_endpoint_network_policies",
          "status": "pass"
        },
        {
          "object_addr": "module.spoke_virtual_network.module.subnet[\"appgw\"].var.private_endpoint_network_policies",
          "status": "pass"
        }
      ]
    },
    {
      "object_kind": "var",
      "config_addr": "module.spoke_virtual_network.module.peering.var.sync_remote_address_space_triggers",
      "status": "pass",
      "objects": null
    },
    {
      "object_kind": "var",
      "config_addr": "var.appgw_private_link_subnet_prefix",
      "status": "pass",
      "objects": [
        {
          "object_addr": "var.appgw_private_link_subnet_prefix",
          "status": "pass"
        }
      ]
    },
    {
      "object_kind": "var",
      "config_addr": "module.spoke_virtual_network.var.parent_id",
      "status": "pass",
      "objects": [
        {
          "object_addr": "module.spoke_virtual_network.var.parent_id",
          "status": "pass"
        }
      ]
    },
    {
      "object_kind": "var",
      "config_addr": "module.spoke_virtual_network.module.subnet.var.sharing_scope",
      "status": "pass",
      "objects": [
        {
          "object_addr": "module.spoke_virtual_network.module.subnet[\"appgw-pvtlink\"].var.sharing_scope",
          "status": "pass"
        },
        {
          "object_addr": "module.spoke_virtual_network.module.subnet[\"workload\"].var.sharing_scope",
          "status": "pass"
        },
        {
          "object_addr": "module.spoke_virtual_network.module.subnet[\"appgw\"].var.sharing_scope",
          "status": "pass"
        }
      ]
    },
    {
      "object_kind": "var",
      "config_addr": "module.spoke_virtual_network.var.subnets",
      "status": "pass",
      "objects": [
        {
          "object_addr": "module.spoke_virtual_network.var.subnets",
          "status": "pass"
        }
      ]
    },
    {
      "object_kind": "var",
      "config_addr": "module.spoke_virtual_network.var.ipam_pools",
      "status": "pass",
      "objects": [
        {
          "object_addr": "module.spoke_virtual_network.var.ipam_pools",
          "status": "pass"
        }
      ]
    }
  ]
}
